{
  "name": "mappy",
  "version": "1.0.0",
  "lockfileVersion": 3,
  "requires": true,
  "packages": {
    "": {
      "name": "mappy",
      "version": "1.0.0",
      "license": "ISC",
      "dependencies": {
        "@screeps/pathfinding": "^0.4.17"
      }
    },
    "node_modules/@screeps/pathfinding": {
      "version": "0.4.17",
      "resolved": "https://registry.npmjs.org/@screeps/pathfinding/-/pathfinding-0.4.17.tgz",
      "integrity": "sha512-W8z4jkKe+PHtWWNZ3Q4Jy/BtK90hqe/THt1bXlFNlgCZrZxMh5ckAsKfa4v1jSHX1QE35BkQYH0yxYt5Q+o6rw==",
      "dependencies": {
        "heap": "0.2.5"
      }
    },
    "node_modules/heap": {
      "version": "0.2.5",
      "resolved": "https://registry.npmjs.org/heap/-/heap-0.2.5.tgz",
      "integrity": "sha512-G7HLD+WKcrOyJP5VQwYZNC3Z6FcQ7YYjEFiFoIj8PfEr73mu421o8B1N5DKUcc8K37EsJ2XXWA8DtrDz/2dReg=="
    }
  }
}
